
Microsoft Visual Studio Solution File, Format Version 12.00
# Visual Studio Version 17
VisualStudioVersion = 17.6.33801.468
MinimumVisualStudioVersion = 10.0.40219.1
Project("{9A19103F-16F7-4668-BE54-9A1E7A4F7556}") = "Todo", "Todo\Todo.csproj", "{D1084A19-DB90-404A-837C-30C878B06BDA}"
EndProject
Project("{FAE04EC0-301F-11D3-BF4B-00C04F79EFBC}") = "Todo.DataAccess", "DataAccess\Todo.DataAccess.csproj", "{58F1F37A-A23E-45DB-8595-445FEEBCA454}"
EndProject
Project("{FAE04EC0-301F-11D3-BF4B-00C04F79EFBC}") = "Todo.Models", "Todo.Models\Todo.Models.csproj", "{7D77DB53-6789-496E-B482-6F648B481F11}"
EndProject
Global
	GlobalSection(SolutionConfigurationPlatforms) = preSolution
		Debug|Any CPU = Debug|Any CPU
		Release|Any CPU = Release|Any CPU
	EndGlobalSection
	GlobalSection(ProjectConfigurationPlatforms) = postSolution
		{D1084A19-DB90-404A-837C-30C878B06BDA}.Debug|Any CPU.ActiveCfg = Debug|Any CPU
		{D1084A19-DB90-404A-837C-30C878B06BDA}.Debug|Any CPU.Build.0 = Debug|Any CPU
		{D1084A19-DB90-404A-837C-30C878B06BDA}.Release|Any CPU.ActiveCfg = Release|Any CPU
		{D1084A19-DB90-404A-837C-30C878B06BDA}.Release|Any CPU.Build.0 = Release|Any CPU
		{58F1F37A-A23E-45DB-8595-445FEEBCA454}.Debug|Any CPU.ActiveCfg = Debug|Any CPU
		{58F1F37A-A23E-45DB-8595-445FEEBCA454}.Debug|Any CPU.Build.0 = Debug|Any CPU
		{58F1F37A-A23E-45DB-8595-445FEEBCA454}.Release|Any CPU.ActiveCfg = Release|Any CPU
		{58F1F37A-A23E-45DB-8595-445FEEBCA454}.Release|Any CPU.Build.0 = Release|Any CPU
		{7D77DB53-6789-496E-B482-6F648B481F11}.Debug|Any CPU.ActiveCfg = Debug|Any CPU
		{7D77DB53-6789-496E-B482-6F648B481F11}.Debug|Any CPU.Build.0 = Debug|Any CPU
		{7D77DB53-6789-496E-B482-6F648B481F11}.Release|Any CPU.ActiveCfg = Release|Any CPU
		{7D77DB53-6789-496E-B482-6F648B481F11}.Release|Any CPU.Build.0 = Release|Any CPU
	EndGlobalSection
	GlobalSection(SolutionProperties) = preSolution
		HideSolutionNode = FALSE
	EndGlobalSection
	GlobalSection(ExtensibilityGlobals) = postSolution
		SolutionGuid = {36EE141C-1567-47F7-BD04-97A1F78C07FD}
	EndGlobalSection
EndGlobal
