
Microsoft Visual Studio Solution File, Format Version 12.00
# Visual Studio Version 17
VisualStudioVersion = 17.6.33801.468
MinimumVisualStudioVersion = 10.0.40219.1
Project("{FAE04EC0-301F-11D3-BF4B-00C04F79EFBC}") = "Todo", "Todo\Todo.csproj", "{D1084A19-DB90-404A-837C-30C878B06BDA}"
EndProject
Global
	GlobalSection(SolutionConfigurationPlatforms) = preSolution
		Debug|Any CPU = Debug|Any CPU
		Release|Any CPU = Release|Any CPU
	EndGlobalSection
	GlobalSection(ProjectConfigurationPlatforms) = postSolution
		{D1084A19-DB90-404A-837C-30C878B06BDA}.Debug|Any CPU.ActiveCfg = Debug|Any CPU
		{D1084A19-DB90-404A-837C-30C878B06BDA}.Debug|Any CPU.Build.0 = Debug|Any CPU
		{D1084A19-DB90-404A-837C-30C878B06BDA}.Release|Any CPU.ActiveCfg = Release|Any CPU
		{D1084A19-DB90-404A-837C-30C878B06BDA}.Release|Any CPU.Build.0 = Release|Any CPU
	EndGlobalSection
	GlobalSection(SolutionProperties) = preSolution
		HideSolutionNode = FALSE
	EndGlobalSection
	GlobalSection(ExtensibilityGlobals) = postSolution
		SolutionGuid = {36EE141C-1567-47F7-BD04-97A1F78C07FD}
	EndGlobalSection
EndGlobal
